
Microsoft Visual Studio Solution File, Format Version 12.00
# Visual Studio 2012
Project("{FAE04EC0-301F-11D3-BF4B-00C04F79EFBC}") = "DotnetMovies", "DotnetMovies\DotnetMovies.csproj", "{A11E9547-0B61-49CE-ABD0-C67BA1FF2701}"
EndProject
Project("{FAE04EC0-301F-11D3-BF4B-00C04F79EFBC}") = "DotnetMovies.Tests", "DotnetMovies.Tests\DotnetMovies.Tests.csproj", "{16F0F6DC-3BC2-489E-B0BE-37C45C23E45D}"
EndProject
Global
	GlobalSection(TeamFoundationVersionControl) = preSolution
		SccNumberOfProjects = 3
		SccEnterpriseProvider = {4CA58AB2-18FA-4F8D-95D4-32DDF27D184C}
		SccTeamFoundationServer = https://sfeirdotnet.visualstudio.com/defaultcollection
		SccLocalPath0 = .
		SccProjectUniqueName1 = DotnetMovies.Tests\\DotnetMovies.Tests.csproj
		SccProjectName1 = DotnetMovies.Tests
		SccLocalPath1 = DotnetMovies.Tests
		SccProjectUniqueName2 = DotnetMovies\\DotnetMovies.csproj
		SccProjectName2 = DotnetMovies
		SccLocalPath2 = DotnetMovies
	EndGlobalSection
	GlobalSection(SolutionConfigurationPlatforms) = preSolution
		Debug|Any CPU = Debug|Any CPU
		Release|Any CPU = Release|Any CPU
	EndGlobalSection
	GlobalSection(ProjectConfigurationPlatforms) = postSolution
		{A11E9547-0B61-49CE-ABD0-C67BA1FF2701}.Debug|Any CPU.ActiveCfg = Debug|Any CPU
		{A11E9547-0B61-49CE-ABD0-C67BA1FF2701}.Debug|Any CPU.Build.0 = Debug|Any CPU
		{A11E9547-0B61-49CE-ABD0-C67BA1FF2701}.Release|Any CPU.ActiveCfg = Release|Any CPU
		{A11E9547-0B61-49CE-ABD0-C67BA1FF2701}.Release|Any CPU.Build.0 = Release|Any CPU
		{16F0F6DC-3BC2-489E-B0BE-37C45C23E45D}.Debug|Any CPU.ActiveCfg = Debug|Any CPU
		{16F0F6DC-3BC2-489E-B0BE-37C45C23E45D}.Debug|Any CPU.Build.0 = Debug|Any CPU
		{16F0F6DC-3BC2-489E-B0BE-37C45C23E45D}.Release|Any CPU.ActiveCfg = Release|Any CPU
		{16F0F6DC-3BC2-489E-B0BE-37C45C23E45D}.Release|Any CPU.Build.0 = Release|Any CPU
	EndGlobalSection
	GlobalSection(SolutionProperties) = preSolution
		HideSolutionNode = FALSE
	EndGlobalSection
EndGlobal
